# This is a Gradle generated file for dependency locking.
# Manual edits can break the build and are not advised.
# This file is expected to be part of source control.
# To regenerate this file, run: ./gradlew :testing-typed-ids-hibernate-62-indexed:dependencies --write-locks
ch.qos.logback:logback-classic:1.5.12=testCompileClasspath,testRuntimeClasspath
ch.qos.logback:logback-core:1.5.12=testCompileClasspath,testRuntimeClasspath
com.fasterxml.jackson.core:jackson-annotations:2.10.3=testCompileClasspath,testRuntimeClasspath
com.fasterxml.uuid:java-uuid-generator:5.1.1=testCompileClasspath,testRuntimeClasspath
com.fasterxml:classmate:1.5.1=runtimeClasspath,testRuntimeClasspath
com.github.ben-manes.caffeine:caffeine:3.0.5=annotationProcessor,testAnnotationProcessor
com.github.docker-java:docker-java-api:3.4.0=testCompileClasspath,testRuntimeClasspath
com.github.docker-java:docker-java-transport-zerodep:3.4.0=testCompileClasspath,testRuntimeClasspath
com.github.docker-java:docker-java-transport:3.4.0=testCompileClasspath,testRuntimeClasspath
com.github.kevinstern:software-and-algorithms:1.0=annotationProcessor,testAnnotationProcessor
com.google.auto.service:auto-service-annotations:1.0.1=annotationProcessor,testAnnotationProcessor
com.google.auto.value:auto-value-annotations:1.9=annotationProcessor,testAnnotationProcessor
com.google.auto:auto-common:1.2.2=annotationProcessor,testAnnotationProcessor
com.google.code.findbugs:jsr305:3.0.2=compileClasspath
com.google.errorprone:error_prone_annotation:2.50.0=annotationProcessor,testAnnotationProcessor
com.google.errorprone:error_prone_annotations:2.35.1=compileClasspath,runtimeClasspath,testCompileClasspath,testRuntimeClasspath
com.google.errorprone:error_prone_annotations:2.50.0=annotationProcessor,testAnnotationProcessor
com.google.errorprone:error_prone_check_api:2.50.0=annotationProcessor,testAnnotationProcessor
com.google.errorprone:error_prone_core:2.50.0=annotationProcessor,testAnnotationProcessor
com.google.googlejavaformat:google-java-format:1.35.0=annotationProcessor,testAnnotationProcessor
com.google.guava:failureaccess:1.0.3=annotationProcessor,testAnnotationProcessor
com.google.guava:guava:33.5.0-jre=annotationProcessor,testAnnotationProcessor
com.google.guava:listenablefuture:9999.0-empty-to-avoid-conflict-with-guava=annotationProcessor,testAnnotationProcessor
com.google.j2objc:j2objc-annotations:3.1=annotationProcessor,testAnnotationProcessor
com.google.protobuf:protobuf-java:4.31.1=testCompileClasspath,testRuntimeClasspath
com.google.protobuf:protobuf-java:4.33.2=annotationProcessor,testAnnotationProcessor
com.mysql:mysql-connector-j:9.4.0=testCompileClasspath,testRuntimeClasspath
com.sun.activation:jakarta.activation:2.0.1=testCompileClasspath
com.sun.istack:istack-commons-runtime:4.1.1=runtimeClasspath,testRuntimeClasspath
com.uber.nullaway:nullaway:0.13.7=annotationProcessor,testAnnotationProcessor
com.zaxxer:HikariCP:5.1.0=testCompileClasspath,testRuntimeClasspath
io.github.eisop:dataflow-errorprone:3.41.0-eisop1=annotationProcessor,testAnnotationProcessor
io.github.java-diff-utils:java-diff-utils:4.12=annotationProcessor,testAnnotationProcessor
io.hypersistence:hypersistence-tsid:2.1.4=testCompileClasspath,testRuntimeClasspath
io.hypersistence:hypersistence-utils-hibernate-62:3.9.4=testCompileClasspath,testRuntimeClasspath
io.quarkus:quarkus-junit4-mock:3.0.0.Final=testCompileClasspath,testRuntimeClasspath
io.smallrye:jandex:3.0.5=runtimeClasspath,testRuntimeClasspath
jakarta.activation:jakarta.activation-api:2.1.1=runtimeClasspath,testRuntimeClasspath
jakarta.inject:jakarta.inject-api:2.0.1=runtimeClasspath,testRuntimeClasspath
jakarta.persistence:jakarta.persistence-api:3.1.0=compileClasspath,runtimeClasspath,testCompileClasspath,testRuntimeClasspath
jakarta.transaction:jakarta.transaction-api:2.0.1=compileClasspath,runtimeClasspath,testCompileClasspath,testRuntimeClasspath
jakarta.xml.bind:jakarta.xml.bind-api:3.0.1=testCompileClasspath
jakarta.xml.bind:jakarta.xml.bind-api:4.0.0=runtimeClasspath,testRuntimeClasspath
javax.inject:javax.inject:1=annotationProcessor,testAnnotationProcessor
javax.xml.bind:jaxb-api:2.3.0=testCompileClasspath,testRuntimeClasspath
net.bytebuddy:byte-buddy:1.14.7=runtimeClasspath
net.bytebuddy:byte-buddy:1.15.11=testCompileClasspath,testRuntimeClasspath
net.java.dev.jna:jna:5.13.0=testCompileClasspath,testRuntimeClasspath
net.ttddyy:datasource-proxy:1.10=testCompileClasspath,testRuntimeClasspath
org.antlr:antlr4-runtime:4.10.1=runtimeClasspath,testRuntimeClasspath
org.apache.commons:commons-compress:1.24.0=testCompileClasspath,testRuntimeClasspath
org.apiguardian:apiguardian-api:1.1.2=testCompileClasspath
org.assertj:assertj-core:3.27.4=testCompileClasspath,testRuntimeClasspath
org.atteo.classindex:classindex:3.13=annotationProcessor,testAnnotationProcessor
org.checkerframework:checker-qual:3.48.2=compileClasspath
org.checkerframework:checker-qual:3.49.5=testRuntimeClasspath
org.checkerframework:checker-qual:4.0.0=annotationProcessor,testAnnotationProcessor
org.checkerframework:dataflow-nullaway:4.0.0=annotationProcessor,testAnnotationProcessor
org.eclipse.angus:angus-activation:2.0.0=runtimeClasspath,testRuntimeClasspath
org.glassfish.jaxb:jaxb-core:4.0.2=runtimeClasspath,testRuntimeClasspath
org.glassfish.jaxb:jaxb-runtime:4.0.2=runtimeClasspath,testRuntimeClasspath
org.glassfish.jaxb:txw2:4.0.2=runtimeClasspath,testRuntimeClasspath
org.hibernate.common:hibernate-commons-annotations:6.0.6.Final=runtimeClasspath,testRuntimeClasspath
org.hibernate.orm:hibernate-core:6.2.46.Final=compileClasspath,runtimeClasspath,testCompileClasspath,testRuntimeClasspath
org.jboss.logging:jboss-logging:3.5.0.Final=runtimeClasspath,testRuntimeClasspath
org.jetbrains:annotations:17.0.0=testCompileClasspath,testRuntimeClasspath
org.jspecify:jspecify:1.0.0=annotationProcessor,compileClasspath,runtimeClasspath,testAnnotationProcessor,testCompileClasspath,testRuntimeClasspath
org.junit.jupiter:junit-jupiter-api:5.11.4=testCompileClasspath,testRuntimeClasspath
org.junit.jupiter:junit-jupiter-engine:5.11.4=testRuntimeClasspath
org.junit.jupiter:junit-jupiter-params:5.11.4=testCompileClasspath,testRuntimeClasspath
org.junit.jupiter:junit-jupiter:5.11.4=testCompileClasspath,testRuntimeClasspath
org.junit.platform:junit-platform-commons:1.11.4=testCompileClasspath,testRuntimeClasspath
org.junit.platform:junit-platform-engine:1.11.4=testRuntimeClasspath
org.junit.platform:junit-platform-launcher:1.11.4=testRuntimeClasspath
org.junit:junit-bom:5.11.4=testCompileClasspath,testRuntimeClasspath
org.opentest4j:opentest4j:1.3.0=testCompileClasspath,testRuntimeClasspath
org.pcollections:pcollections:4.0.1=annotationProcessor,testAnnotationProcessor
org.postgresql:postgresql:42.7.8=testCompileClasspath,testRuntimeClasspath
org.rnorth.duct-tape:duct-tape:1.0.8=testCompileClasspath,testRuntimeClasspath
org.slf4j:slf4j-api:2.0.15=testCompileClasspath,testRuntimeClasspath
org.testcontainers:database-commons:1.20.3=testCompileClasspath,testRuntimeClasspath
org.testcontainers:jdbc:1.20.3=testCompileClasspath,testRuntimeClasspath
org.testcontainers:mysql:1.20.3=testCompileClasspath,testRuntimeClasspath
org.testcontainers:postgresql:1.20.3=testCompileClasspath,testRuntimeClasspath
org.testcontainers:testcontainers-bom:1.20.3=testCompileClasspath,testRuntimeClasspath
org.testcontainers:testcontainers:1.20.3=testCompileClasspath,testRuntimeClasspath
empty=
