# This is a Gradle generated file for dependency locking.
# Manual edits can break the build and are not advised.
# This file is expected to be part of source control.
# To regenerate this file, run: ./gradlew :dependencies --write-locks
com.adarshr:gradle-test-logger-plugin:4.0.0=compileClasspath,precompiledScriptPluginAccessorsGenerationClasspath,runtimeClasspath,testCompileClasspath,testRuntimeClasspath
com.google.code.gson:gson:2.11.0=precompiledScriptPluginAccessorsGenerationClasspath,runtimeClasspath,testRuntimeClasspath
com.google.errorprone:error_prone_annotations:2.27.0=precompiledScriptPluginAccessorsGenerationClasspath,runtimeClasspath,testRuntimeClasspath
io.github.java-diff-utils:java-diff-utils:4.12=kotlinInternalAbiValidation
io.github.joselion:maybe:4.4.0=precompiledScriptPluginAccessorsGenerationClasspath,runtimeClasspath,testRuntimeClasspath
io.github.joselion:strict-null-check:3.5.0=compileClasspath,precompiledScriptPluginAccessorsGenerationClasspath,runtimeClasspath,testCompileClasspath,testRuntimeClasspath
net.ltgt.gradle:gradle-errorprone-plugin:4.2.0=compileClasspath,precompiledScriptPluginAccessorsGenerationClasspath,runtimeClasspath,testCompileClasspath,testRuntimeClasspath
net.ltgt.gradle:gradle-nullaway-plugin:2.3.0=compileClasspath,precompiledScriptPluginAccessorsGenerationClasspath,runtimeClasspath,testCompileClasspath,testRuntimeClasspath
org.eclipse.jdt:org.eclipse.jdt.annotation:2.2.700=compileClasspath,testCompileClasspath
org.fusesource.jansi:jansi:2.4.0=precompiledScriptPluginAccessorsGenerationClasspath,runtimeClasspath,testRuntimeClasspath
org.jetbrains.kotlin:abi-tools-api:2.2.21=precompiledScriptPluginAccessorsGenerationClasspath,runtimeClasspath,testRuntimeClasspath
org.jetbrains.kotlin:abi-tools-api:2.3.21=kotlinInternalAbiValidation
org.jetbrains.kotlin:abi-tools:2.3.21=kotlinInternalAbiValidation
org.jetbrains.kotlin:fus-statistics-gradle-plugin:2.2.21=compileClasspath,precompiledScriptPluginAccessorsGenerationClasspath,runtimeClasspath,testCompileClasspath,testRuntimeClasspath
org.jetbrains.kotlin:kotlin-assignment-compiler-plugin-embeddable:2.3.21=kotlinCompilerPluginClasspathMain,kotlinCompilerPluginClasspathTest
org.jetbrains.kotlin:kotlin-build-statistics:2.2.21=precompiledScriptPluginAccessorsGenerationClasspath,runtimeClasspath,testRuntimeClasspath
org.jetbrains.kotlin:kotlin-build-tools-api:2.2.21=compileClasspath,precompiledScriptPluginAccessorsGenerationClasspath,runtimeClasspath,testCompileClasspath,testRuntimeClasspath
org.jetbrains.kotlin:kotlin-build-tools-api:2.3.21=kotlinBuildToolsApiClasspath,kotlinCompilerClasspath
org.jetbrains.kotlin:kotlin-build-tools-compat:2.3.21=kotlinBuildToolsApiClasspath,kotlinCompilerClasspath
org.jetbrains.kotlin:kotlin-build-tools-cri-impl:2.3.21=kotlinBuildToolsApiClasspath,kotlinCompilerClasspath
org.jetbrains.kotlin:kotlin-build-tools-impl:2.3.21=kotlinBuildToolsApiClasspath,kotlinCompilerClasspath
org.jetbrains.kotlin:kotlin-compiler-embeddable:2.3.21=kotlinBuildToolsApiClasspath,kotlinCompilerClasspath,kotlinKlibCommonizerClasspath
org.jetbrains.kotlin:kotlin-compiler-runner:2.2.21=precompiledScriptPluginAccessorsGenerationClasspath,runtimeClasspath,testRuntimeClasspath
org.jetbrains.kotlin:kotlin-compiler-runner:2.3.21=kotlinBuildToolsApiClasspath,kotlinCompilerClasspath
org.jetbrains.kotlin:kotlin-daemon-client:2.2.21=precompiledScriptPluginAccessorsGenerationClasspath,runtimeClasspath,testRuntimeClasspath
org.jetbrains.kotlin:kotlin-daemon-client:2.3.21=kotlinBuildToolsApiClasspath,kotlinCompilerClasspath
org.jetbrains.kotlin:kotlin-daemon-embeddable:2.3.21=kotlinBuildToolsApiClasspath,kotlinCompilerClasspath,kotlinKlibCommonizerClasspath
org.jetbrains.kotlin:kotlin-gradle-plugin-annotations:2.2.21=compileClasspath,precompiledScriptPluginAccessorsGenerationClasspath,runtimeClasspath,testCompileClasspath,testRuntimeClasspath
org.jetbrains.kotlin:kotlin-gradle-plugin-api:2.2.21=compileClasspath,precompiledScriptPluginAccessorsGenerationClasspath,runtimeClasspath,testCompileClasspath,testRuntimeClasspath
org.jetbrains.kotlin:kotlin-gradle-plugin-idea-proto:2.2.21=precompiledScriptPluginAccessorsGenerationClasspath,runtimeClasspath,testRuntimeClasspath
org.jetbrains.kotlin:kotlin-gradle-plugin-idea:2.2.21=precompiledScriptPluginAccessorsGenerationClasspath,runtimeClasspath,testRuntimeClasspath
org.jetbrains.kotlin:kotlin-gradle-plugin-model:2.2.21=compileClasspath,precompiledScriptPluginAccessorsGenerationClasspath,runtimeClasspath,testCompileClasspath,testRuntimeClasspath
org.jetbrains.kotlin:kotlin-gradle-plugin:2.2.21=compileClasspath,precompiledScriptPluginAccessorsGenerationClasspath,runtimeClasspath,testCompileClasspath,testRuntimeClasspath
org.jetbrains.kotlin:kotlin-gradle-plugins-bom:2.2.21=compileClasspath,precompiledScriptPluginAccessorsGenerationClasspath,runtimeClasspath,testCompileClasspath,testRuntimeClasspath
org.jetbrains.kotlin:kotlin-klib-abi-reader:2.3.21=kotlinInternalAbiValidation
org.jetbrains.kotlin:kotlin-klib-commonizer-api:2.2.21=precompiledScriptPluginAccessorsGenerationClasspath,runtimeClasspath,testRuntimeClasspath
org.jetbrains.kotlin:kotlin-klib-commonizer-embeddable:2.3.21=kotlinKlibCommonizerClasspath
org.jetbrains.kotlin:kotlin-metadata-jvm:2.3.21=kotlinInternalAbiValidation
org.jetbrains.kotlin:kotlin-native-utils:2.2.21=compileClasspath,precompiledScriptPluginAccessorsGenerationClasspath,runtimeClasspath,testCompileClasspath,testRuntimeClasspath
org.jetbrains.kotlin:kotlin-reflect:1.6.10=kotlinBuildToolsApiClasspath,kotlinCompilerClasspath,kotlinKlibCommonizerClasspath
org.jetbrains.kotlin:kotlin-reflect:2.3.21=compileClasspath,embeddedKotlin,precompiledScriptPluginAccessorsGenerationClasspath,testCompileClasspath,testRuntimeClasspath
org.jetbrains.kotlin:kotlin-sam-with-receiver-compiler-plugin-embeddable:2.3.21=kotlinCompilerPluginClasspathMain,kotlinCompilerPluginClasspathTest
org.jetbrains.kotlin:kotlin-script-runtime:2.3.21=compilePluginsBlocksPluginClasspathElements,kotlinBuildToolsApiClasspath,kotlinCompilerClasspath,kotlinCompilerPluginClasspathMain,kotlinCompilerPluginClasspathTest,kotlinKlibCommonizerClasspath
org.jetbrains.kotlin:kotlin-scripting-common:2.3.21=compilePluginsBlocksPluginClasspathElements,kotlinCompilerPluginClasspathMain,kotlinCompilerPluginClasspathTest
org.jetbrains.kotlin:kotlin-scripting-compiler-embeddable:2.3.21=compilePluginsBlocksPluginClasspathElements,kotlinCompilerPluginClasspathMain,kotlinCompilerPluginClasspathTest
org.jetbrains.kotlin:kotlin-scripting-compiler-impl-embeddable:2.3.21=compilePluginsBlocksPluginClasspathElements,kotlinCompilerPluginClasspathMain,kotlinCompilerPluginClasspathTest
org.jetbrains.kotlin:kotlin-scripting-jvm:2.3.21=compilePluginsBlocksPluginClasspathElements,kotlinCompilerPluginClasspathMain,kotlinCompilerPluginClasspathTest
org.jetbrains.kotlin:kotlin-serialization:2.2.21=compileClasspath,precompiledScriptPluginAccessorsGenerationClasspath,runtimeClasspath,testCompileClasspath,testRuntimeClasspath
org.jetbrains.kotlin:kotlin-stdlib:2.3.21=compileClasspath,compilePluginsBlocksPluginClasspathElements,embeddedKotlin,kotlinBuildToolsApiClasspath,kotlinCompilerClasspath,kotlinCompilerPluginClasspathMain,kotlinCompilerPluginClasspathTest,kotlinInternalAbiValidation,kotlinKlibCommonizerClasspath,precompiledScriptPluginAccessorsGenerationClasspath,testCompileClasspath,testRuntimeClasspath
org.jetbrains.kotlin:kotlin-tooling-core:2.2.21=compileClasspath,precompiledScriptPluginAccessorsGenerationClasspath,runtimeClasspath,testCompileClasspath,testRuntimeClasspath
org.jetbrains.kotlin:kotlin-tooling-core:2.3.21=kotlinBuildToolsApiClasspath,kotlinCompilerClasspath
org.jetbrains.kotlin:kotlin-util-io:2.2.21=compileClasspath,precompiledScriptPluginAccessorsGenerationClasspath,runtimeClasspath,testCompileClasspath,testRuntimeClasspath
org.jetbrains.kotlin:kotlin-util-klib-metadata:2.2.21=precompiledScriptPluginAccessorsGenerationClasspath,runtimeClasspath,testRuntimeClasspath
org.jetbrains.kotlin:kotlin-util-klib:2.2.21=precompiledScriptPluginAccessorsGenerationClasspath,runtimeClasspath,testRuntimeClasspath
org.jetbrains.kotlinx:kotlinx-coroutines-core-jvm:1.8.0=kotlinBuildToolsApiClasspath,kotlinCompilerClasspath,kotlinKlibCommonizerClasspath,precompiledScriptPluginAccessorsGenerationClasspath,runtimeClasspath,testRuntimeClasspath
org.jetbrains:annotations:13.0=compileClasspath,compilePluginsBlocksPluginClasspathElements,embeddedKotlin,kotlinBuildToolsApiClasspath,kotlinCompilerClasspath,kotlinCompilerPluginClasspathMain,kotlinCompilerPluginClasspathTest,kotlinInternalAbiValidation,kotlinKlibCommonizerClasspath,precompiledScriptPluginAccessorsGenerationClasspath,testCompileClasspath,testRuntimeClasspath
empty=annotationProcessor,implementationDependenciesMetadata,kotlinCompilerPluginClasspath,kotlinNativeCompilerPluginClasspath,kotlinScriptDefExtensions,testAnnotationProcessor,testImplementationDependenciesMetadata,testKotlinScriptDefExtensions
